// !$*UTF8*$!
{
	archiveVersion = 1;
	classes = {
	};
	objectVersion = 55;
	objects = {

/* Begin PBXBuildFile section */
		F8A8EAC22761EAFA000F60CA /* AppDelegate.swift in Sources */ = {isa = PBXBuildFile; fileRef = F8A8EAC12761EAFA000F60CA /* AppDelegate.swift */; };
		F8A8EAC42761EAFA000F60CA /* SceneDelegate.swift in Sources */ = {isa = PBXBuildFile; fileRef = F8A8EAC32761EAFA000F60CA /* SceneDelegate.swift */; };
		F8A8EAC62761EAFA000F60CA /* ViewController.swift in Sources */ = {isa = PBXBuildFile; fileRef = F8A8EAC52761EAFA000F60CA /* ViewController.swift */; };
		F8A8EAC92761EAFA000F60CA /* Main.storyboard in Resources */ = {isa = PBXBuildFile; fileRef = F8A8EAC72761EAFA000F60CA /* Main.storyboard */; };
		F8A8EACC2761EAFA000F60CA /* cchapter02_Button.xcdatamodeld in Sources */ = {isa = PBXBuildFile; fileRef = F8A8EACA2761EAFA000F60CA /* cchapter02_Button.xcdatamodeld */; };
		F8A8EACE2761EAFB000F60CA /* Assets.xcassets in Resources */ = {isa = PBXBuildFile; fileRef = F8A8EACD2761EAFB000F60CA /* Assets.xcassets */; };
		F8A8EAD12761EAFB000F60CA /* LaunchScreen.storyboard in Resources */ = {isa = PBXBuildFile; fileRef = F8A8EACF2761EAFB000F60CA /* LaunchScreen.storyboard */; };
/* End PBXBuildFile section */

/* Begin PBXFileReference section */
		F8A8EABE2761EAFA000F60CA /* cchapter02-Button.app */ = {isa = PBXFileReference; explicitFileType = wrapper.application; includeInIndex = 0; path = "cchapter02-Button.app"; sourceTree = BUILT_PRODUCTS_DIR; };
		F8A8EAC12761EAFA000F60CA /* AppDelegate.swift */ = {isa = PBXFileReference; lastKnownFileType = sourcecode.swift; path = AppDelegate.swift; sourceTree = "<group>"; };
		F8A8EAC32761EAFA000F60CA /* SceneDelegate.swift */ = {isa = PBXFileReference; lastKnownFileType = sourcecode.swift; path = SceneDelegate.swift; sourceTree = "<group>"; };
		F8A8EAC52761EAFA000F60CA /* ViewController.swift */ = {isa = PBXFileReference; lastKnownFileType = sourcecode.swift; path = ViewController.swift; sourceTree = "<group>"; };
		F8A8EAC82761EAFA000F60CA /* Base */ = {isa = PBXFileReference; lastKnownFileType = file.storyboard; name = Base; path = Base.lproj/Main.storyboard; sourceTree = "<group>"; };
		F8A8EACB2761EAFA000F60CA /* cchapter02_Button.xcdatamodel */ = {isa = PBXFileReference; lastKnownFileType = wrapper.xcdatamodel; path = cchapter02_Button.xcdatamodel; sourceTree = "<group>"; };
		F8A8EACD2761EAFB000F60CA /* Assets.xcassets */ = {isa = PBXFileReference; lastKnownFileType = folder.assetcatalog; path = Assets.xcassets; sourceTree = "<group>"; };
		F8A8EAD02761EAFB000F60CA /* Base */ = {isa = PBXFileReference; lastKnownFileType = file.storyboard; name = Base; path = Base.lproj/LaunchScreen.storyboard; sourceTree = "<group>"; };
		F8A8EAD22761EAFB000F60CA /* Info.plist */ = {isa = PBXFileReference; lastKnownFileType = text.plist.xml; path = Info.plist; sourceTree = "<group>"; };
/* End PBXFileReference section */

/* Begin PBXFrameworksBuildPhase section */
		F8A8EABB2761EAFA000F60CA /* Frameworks */ = {
			isa = PBXFrameworksBuildPhase;
			buildActionMask = 2147483647;
			files = (
			);
			runOnlyForDeploymentPostprocessing = 0;
		};
/* End PBXFrameworksBuildPhase section */

/* Begin PBXGroup section */
		F8A8EAB52761EAFA000F60CA = {
			isa = PBXGroup;
			children = (
				F8A8EAC02761EAFA000F60CA /* cchapter02-Button */,
				F8A8EABF2761EAFA000F60CA /* Products */,
			);
			sourceTree = "<group>";
		};
		F8A8EABF2761EAFA000F60CA /* Products */ = {
			isa = PBXGroup;
			children = (
				F8A8EABE2761EAFA000F60CA /* cchapter02-Button.app */,
			);
			name = Products;
			sourceTree = "<group>";
		};
		F8A8EAC02761EAFA000F60CA /* cchapter02-Button */ = {
			isa = PBXGroup;
			children = (
				F8A8EAC12761EAFA000F60CA /* AppDelegate.swift */,
				F8A8EAC32761EAFA000F60CA /* SceneDelegate.swift */,
				F8A8EAC52761EAFA000F60CA /* ViewController.swift */,
				F8A8EAC72761EAFA000F60CA /* Main.storyboard */,
				F8A8EACD2761EAFB000F60CA /* Assets.xcassets */,
				F8A8EACF2761EAFB000F60CA /* LaunchScreen.storyboard */,
				F8A8EAD22761EAFB000F60CA /* Info.plist */,
				F8A8EACA2761EAFA000F60CA /* cchapter02_Button.xcdatamodeld */,
			);
			path = "cchapter02-Button";
			sourceTree = "<group>";
		};
/* End PBXGroup section */

/* Begin PBXNativeTarget section */
		F8A8EABD2761EAFA000F60CA /* cchapter02-Button */ = {
			isa = PBXNativeTarget;
			buildConfigurationList = F8A8EAD52761EAFB000F60CA /* Build configuration list for PBXNativeTarget "cchapter02-Button" */;
			buildPhases = (
				F8A8EABA2761EAFA000F60CA /* Sources */,
				F8A8EABB2761EAFA000F60CA /* Frameworks */,
				F8A8EABC2761EAFA000F60CA /* Resources */,
			);
			buildRules = (
			);
			dependencies = (
			);
			name = "cchapter02-Button";
			productName = "cchapter02-Button";
			productReference = F8A8EABE2761EAFA000F60CA /* cchapter02-Button.app */;
			productType = "com.apple.product-type.application";
		};
/* End PBXNativeTarget section */

/* Begin PBXProject section */
		F8A8EAB62761EAFA000F60CA /* Project object */ = {
			isa = PBXProject;
			attributes = {
				BuildIndependentTargetsInParallel = 1;
				LastSwiftUpdateCheck = 1310;
				LastUpgradeCheck = 1310;
				TargetAttributes = {
					F8A8EABD2761EAFA000F60CA = {
						CreatedOnToolsVersion = 13.1;
					};
				};
			};
			buildConfigurationList = F8A8EAB92761EAFA000F60CA /* Build configuration list for PBXProject "cchapter02-Button" */;
			compatibilityVersion = "Xcode 13.0";
			developmentRegion = en;
			hasScannedForEncodings = 0;
			knownRegions = (
				en,
				Base,
			);
			mainGroup = F8A8EAB52761EAFA000F60CA;
			productRefGroup = F8A8EABF2761EAFA000F60CA /* Products */;
			projectDirPath = "";
			projectRoot = "";
			targets = (
				F8A8EABD2761EAFA000F60CA /* cchapter02-Button */,
			);
		};
/* End PBXProject section */

/* Begin PBXResourcesBuildPhase section */
		F8A8EABC2761EAFA000F60CA /* Resources */ = {
			isa = PBXResourcesBuildPhase;
			buildActionMask = 2147483647;
			files = (
				F8A8EAD12761EAFB000F60CA /* LaunchScreen.storyboard in Resources */,
				F8A8EACE2761EAFB000F60CA /* Assets.xcassets in Resources */,
				F8A8EAC92761EAFA000F60CA /* Main.storyboard in Resources */,
			);
			runOnlyForDeploymentPostprocessing = 0;
		};
/* End PBXResourcesBuildPhase section */

/* Begin PBXSourcesBuildPhase section */
		F8A8EABA2761EAFA000F60CA /* Sources */ = {
			isa = PBXSourcesBuildPhase;
			buildActionMask = 2147483647;
			files = (
				F8A8EAC62761EAFA000F60CA /* ViewController.swift in Sources */,
				F8A8EACC2761EAFA000F60CA /* cchapter02_Button.xcdatamodeld in Sources */,
				F8A8EAC22761EAFA000F60CA /* AppDelegate.swift in Sources */,
				F8A8EAC42761EAFA000F60CA /* SceneDelegate.swift in Sources */,
			);
			runOnlyForDeploymentPostprocessing = 0;
		};
/* End PBXSourcesBuildPhase section */

/* Begin PBXVariantGroup section */
		F8A8EAC72761EAFA000F60CA /* Main.storyboard */ = {
			isa = PBXVariantGroup;
			children = (
				F8A8EAC82761EAFA000F60CA /* Base */,
			);
			name = Main.storyboard;
			sourceTree = "<group>";
		};
		F8A8EACF2761EAFB000F60CA /* LaunchScreen.storyboard */ = {
			isa = PBXVariantGroup;
			children = (
				F8A8EAD02761EAFB000F60CA /* Base */,
			);
			name = LaunchScreen.storyboard;
			sourceTree = "<group>";
		};
/* End PBXVariantGroup section */

/* Begin XCBuildConfiguration section */
		F8A8EAD32761EAFB000F60CA /* Debug */ = {
			isa = XCBuildConfiguration;
			buildSettings = {
				ALWAYS_SEARCH_USER_PATHS = NO;
				CLANG_ANALYZER_NONNULL = YES;
				CLANG_ANALYZER_NUMBER_OBJECT_CONVERSION = YES_AGGRESSIVE;
				CLANG_CXX_LANGUAGE_STANDARD = "gnu++17";
				CLANG_CXX_LIBRARY = "libc++";
				CLANG_ENABLE_MODULES = YES;
				CLANG_ENABLE_OBJC_ARC = YES;
				CLANG_ENABLE_OBJC_WEAK = YES;
				CLANG_WARN_BLOCK_CAPTURE_AUTORELEASING = YES;
				CLANG_WARN_BOOL_CONVERSION = YES;
				CLANG_WARN_COMMA = YES;
				CLANG_WARN_CONSTANT_CONVERSION = YES;
				CLANG_WARN_DEPRECATED_OBJC_IMPLEMENTATIONS = YES;
				CLANG_WARN_DIRECT_OBJC_ISA_USAGE = YES_ERROR;
				CLANG_WARN_DOCUMENTATION_COMMENTS = YES;
				CLANG_WARN_EMPTY_BODY = YES;
				CLANG_WARN_ENUM_CONVERSION = YES;
				CLANG_WARN_INFINITE_RECURSION = YES;
				CLANG_WARN_INT_CONVERSION = YES;
				CLANG_WARN_NON_LITERAL_NULL_CONVERSION = YES;
				CLANG_WARN_OBJC_IMPLICIT_RETAIN_SELF = YES;
				CLANG_WARN_OBJC_LITERAL_CONVERSION = YES;
				CLANG_WARN_OBJC_ROOT_CLASS = YES_ERROR;
				CLANG_WARN_QUOTED_INCLUDE_IN_FRAMEWORK_HEADER = YES;
				CLANG_WARN_RANGE_LOOP_ANALYSIS = YES;
				CLANG_WARN_STRICT_PROTOTYPES = YES;
				CLANG_WARN_SUSPICIOUS_MOVE = YES;
				CLANG_WARN_UNGUARDED_AVAILABILITY = YES_AGGRESSIVE;
				CLANG_WARN_UNREACHABLE_CODE = YES;
				CLANG_WARN__DUPLICATE_METHOD_MATCH = YES;
				COPY_PHASE_STRIP = NO;
				DEBUG_INFORMATION_FORMAT = dwarf;
				ENABLE_STRICT_OBJC_MSGSEND = YES;
				ENABLE_TESTABILITY = YES;
				GCC_C_LANGUAGE_STANDARD = gnu11;
				GCC_DYNAMIC_NO_PIC = NO;
				GCC_NO_COMMON_BLOCKS = YES;
				GCC_OPTIMIZATION_LEVEL = 0;
				GCC_PREPROCESSOR_DEFINITIONS = (
					"DEBUG=1",
					"$(inherited)",
				);
				GCC_WARN_64_TO_32_BIT_CONVERSION = YES;
				GCC_WARN_ABOUT_RETURN_TYPE = YES_ERROR;
				GCC_WARN_UNDECLARED_SELECTOR = YES;
				GCC_WARN_UNINITIALIZED_AUTOS = YES_AGGRESSIVE;
				GCC_WARN_UNUSED_FUNCTION = YES;
				GCC_WARN_UNUSED_VARIABLE = YES;
				IPHONEOS_DEPLOYMENT_TARGET = 15.0;
				MTL_ENABLE_DEBUG_INFO = INCLUDE_SOURCE;
				MTL_FAST_MATH = YES;
				ONLY_ACTIVE_ARCH = YES;
				SDKROOT = iphoneos;
				SWIFT_ACTIVE_COMPILATION_CONDITIONS = DEBUG;
				SWIFT_OPTIMIZATION_LEVEL = "-Onone";
			};
			name = Debug;
		};
		F8A8EAD42761EAFB000F60CA /* Release */ = {
			isa = XCBuildConfiguration;
			buildSettings = {
				ALWAYS_SEARCH_USER_PATHS = NO;
				CLANG_ANALYZER_NONNULL = YES;
				CLANG_ANALYZER_NUMBER_OBJECT_CONVERSION = YES_AGGRESSIVE;
				CLANG_CXX_LANGUAGE_STANDARD = "gnu++17";
				CLANG_CXX_LIBRARY = "libc++";
				CLANG_ENABLE_MODULES = YES;
				CLANG_ENABLE_OBJC_ARC = YES;
				CLANG_ENABLE_OBJC_WEAK = YES;
				CLANG_WARN_BLOCK_CAPTURE_AUTORELEASING = YES;
				CLANG_WARN_BOOL_CONVERSION = YES;
				CLANG_WARN_COMMA = YES;
				CLANG_WARN_CONSTANT_CONVERSION = YES;
				CLANG_WARN_DEPRECATED_OBJC_IMPLEMENTATIONS = YES;
				CLANG_WARN_DIRECT_OBJC_ISA_USAGE = YES_ERROR;
				CLANG_WARN_DOCUMENTATION_COMMENTS = YES;
				CLANG_WARN_EMPTY_BODY = YES;
				CLANG_WARN_ENUM_CONVERSION = YES;
				CLANG_WARN_INFINITE_RECURSION = YES;
				CLANG_WARN_INT_CONVERSION = YES;
				CLANG_WARN_NON_LITERAL_NULL_CONVERSION = YES;
				CLANG_WARN_OBJC_IMPLICIT_RETAIN_SELF = YES;
				CLANG_WARN_OBJC_LITERAL_CONVERSION = YES;
				CLANG_WARN_OBJC_ROOT_CLASS = YES_ERROR;
				CLANG_WARN_QUOTED_INCLUDE_IN_FRAMEWORK_HEADER = YES;
				CLANG_WARN_RANGE_LOOP_ANALYSIS = YES;
				CLANG_WARN_STRICT_PROTOTYPES = YES;
				CLANG_WARN_SUSPICIOUS_MOVE = YES;
				CLANG_WARN_UNGUARDED_AVAILABILITY = YES_AGGRESSIVE;
				CLANG_WARN_UNREACHABLE_CODE = YES;
				CLANG_WARN__DUPLICATE_METHOD_MATCH = YES;
				COPY_PHASE_STRIP = NO;
				DEBUG_INFORMATION_FORMAT = "dwarf-with-dsym";
				ENABLE_NS_ASSERTIONS = NO;
				ENABLE_STRICT_OBJC_MSGSEND = YES;
				GCC_C_LANGUAGE_STANDARD = gnu11;
				GCC_NO_COMMON_BLOCKS = YES;
				GCC_WARN_64_TO_32_BIT_CONVERSION = YES;
				GCC_WARN_ABOUT_RETURN_TYPE = YES_ERROR;
				GCC_WARN_UNDECLARED_SELECTOR = YES;
				GCC_WARN_UNINITIALIZED_AUTOS = YES_AGGRESSIVE;
				GCC_WARN_UNUSED_FUNCTION = YES;
				GCC_WARN_UNUSED_VARIABLE = YES;
				IPHONEOS_DEPLOYMENT_TARGET = 15.0;
				MTL_ENABLE_DEBUG_INFO = NO;
				MTL_FAST_MATH = YES;
				SDKROOT = iphoneos;
				SWIFT_COMPILATION_MODE = wholemodule;
				SWIFT_OPTIMIZATION_LEVEL = "-O";
				VALIDATE_PRODUCT = YES;
			};
			name = Release;
		};
		F8A8EAD62761EAFB000F60CA /* Debug */ = {
			isa = XCBuildConfiguration;
			buildSettings = {
				ASSETCATALOG_COMPILER_APPICON_NAME = AppIcon;
				ASSETCATALOG_COMPILER_GLOBAL_ACCENT_COLOR_NAME = AccentColor;
				CODE_SIGN_STYLE = Automatic;
				CURRENT_PROJECT_VERSION = 1;
				DEVELOPMENT_TEAM = 7266553Q8F;
				GENERATE_INFOPLIST_FILE = YES;
				INFOPLIST_FILE = "cchapter02-Button/Info.plist";
				INFOPLIST_KEY_UIApplicationSupportsIndirectInputEvents = YES;
				INFOPLIST_KEY_UILaunchStoryboardName = LaunchScreen;
				INFOPLIST_KEY_UIMainStoryboardFile = Main;
				INFOPLIST_KEY_UISupportedInterfaceOrientations_iPad = "UIInterfaceOrientationPortrait UIInterfaceOrientationPortraitUpsideDown UIInterfaceOrientationLandscapeLeft UIInterfaceOrientationLandscapeRight";
				INFOPLIST_KEY_UISupportedInterfaceOrientations_iPhone = "UIInterfaceOrientationPortrait UIInterfaceOrientationLandscapeLeft UIInterfaceOrientationLandscapeRight";
				LD_RUNPATH_SEARCH_PATHS = (
					"$(inherited)",
					"@executable_path/Frameworks",
				);
				MARKETING_VERSION = 1.0;
				PRODUCT_BUNDLE_IDENTIFIER = "JaeheonLim.cchapter02-Button";
				PRODUCT_NAME = "$(TARGET_NAME)";
				SWIFT_EMIT_LOC_STRINGS = YES;
				SWIFT_VERSION = 5.0;
				TARGETED_DEVICE_FAMILY = "1,2";
			};
			name = Debug;
		};
		F8A8EAD72761EAFB000F60CA /* Release */ = {
			isa = XCBuildConfiguration;
			buildSettings = {
				ASSETCATALOG_COMPILER_APPICON_NAME = AppIcon;
				ASSETCATALOG_COMPILER_GLOBAL_ACCENT_COLOR_NAME = AccentColor;
				CODE_SIGN_STYLE = Automatic;
				CURRENT_PROJECT_VERSION = 1;
				DEVELOPMENT_TEAM = 7266553Q8F;
				GENERATE_INFOPLIST_FILE = YES;
				INFOPLIST_FILE = "cchapter02-Button/Info.plist";
				INFOPLIST_KEY_UIApplicationSupportsIndirectInputEvents = YES;
				INFOPLIST_KEY_UILaunchStoryboardName = LaunchScreen;
				INFOPLIST_KEY_UIMainStoryboardFile = Main;
				INFOPLIST_KEY_UISupportedInterfaceOrientations_iPad = "UIInterfaceOrientationPortrait UIInterfaceOrientationPortraitUpsideDown UIInterfaceOrientationLandscapeLeft UIInterfaceOrientationLandscapeRight";
				INFOPLIST_KEY_UISupportedInterfaceOrientations_iPhone = "UIInterfaceOrientationPortrait UIInterfaceOrientationLandscapeLeft UIInterfaceOrientationLandscapeRight";
				LD_RUNPATH_SEARCH_PATHS = (
					"$(inherited)",
					"@executable_path/Frameworks",
				);
				MARKETING_VERSION = 1.0;
				PRODUCT_BUNDLE_IDENTIFIER = "JaeheonLim.cchapter02-Button";
				PRODUCT_NAME = "$(TARGET_NAME)";
				SWIFT_EMIT_LOC_STRINGS = YES;
				SWIFT_VERSION = 5.0;
				TARGETED_DEVICE_FAMILY = "1,2";
			};
			name = Release;
		};
/* End XCBuildConfiguration section */

/* Begin XCConfigurationList section */
		F8A8EAB92761EAFA000F60CA /* Build configuration list for PBXProject "cchapter02-Button" */ = {
			isa = XCConfigurationList;
			buildConfigurations = (
				F8A8EAD32761EAFB000F60CA /* Debug */,
				F8A8EAD42761EAFB000F60CA /* Release */,
			);
			defaultConfigurationIsVisible = 0;
			defaultConfigurationName = Release;
		};
		F8A8EAD52761EAFB000F60CA /* Build configuration list for PBXNativeTarget "cchapter02-Button" */ = {
			isa = XCConfigurationList;
			buildConfigurations = (
				F8A8EAD62761EAFB000F60CA /* Debug */,
				F8A8EAD72761EAFB000F60CA /* Release */,
			);
			defaultConfigurationIsVisible = 0;
			defaultConfigurationName = Release;
		};
/* End XCConfigurationList section */

/* Begin XCVersionGroup section */
		F8A8EACA2761EAFA000F60CA /* cchapter02_Button.xcdatamodeld */ = {
			isa = XCVersionGroup;
			children = (
				F8A8EACB2761EAFA000F60CA /* cchapter02_Button.xcdatamodel */,
			);
			currentVersion = F8A8EACB2761EAFA000F60CA /* cchapter02_Button.xcdatamodel */;
			path = cchapter02_Button.xcdatamodeld;
			sourceTree = "<group>";
			versionGroupType = wrapper.xcdatamodel;
		};
/* End XCVersionGroup section */
	};
	rootObject = F8A8EAB62761EAFA000F60CA /* Project object */;
}
